dependencies:
  espressif/mdns:
    component_hash: e81ca7a7f53ea34e78274df054da692c272e1315572876b237b1748e267c013b
    dependencies:
    - name: idf
      require: private
      version: '>=5.0'
    source:
      registry_url: https://components.espressif.com/
      type: service
    version: 1.11.3
  idf:
    source:
      type: idf
    version: 5.4.2
direct_dependencies:
- espressif/mdns
- idf
manifest_hash: 8729dac7727c209fda4881dc978b026525da373750fa06f3ffef34fc03779f43
target: esp32c3
version: 2.0.0
